{
  "version": 4,
  "terraform_version": "1.8.5",
  "serial": 248,
  "lineage": "5c561774-585e-4f1f-d159-4bd78bf75c25",
  "outputs": {},
  "resources": [
    {
      "mode": "managed",
      "type": "azurerm_managed_disk",
      "name": "tf-vmdd1",
      "provider": "provider[\"registry.terraform.io/hashicorp/azurerm\"]",
      "instances": [
        {
          "index_key": "vm1",
          "schema_version": 1,
          "attributes": {
            "create_option": "Empty",
            "disk_access_id": "",
            "disk_encryption_set_id": "",
            "disk_iops_read_only": 0,
            "disk_iops_read_write": 500,
            "disk_mbps_read_only": 0,
            "disk_mbps_read_write": 60,
            "disk_size_gb": 8,
            "edge_zone": "",
            "encryption_settings": [],
            "gallery_image_reference_id": "",
            "hyper_v_generation": "",
            "id": "/subscriptions/74bf1a8c-e1f3-43af-b9bf-b67e2cf12d8f/resourceGroups/tstvmrg/providers/Microsoft.Compute/disks/tstwvm01-DD01",
            "image_reference_id": "",
            "location": "centralindia",
            "logical_sector_size": null,
            "max_shares": 0,
            "name": "tstwvm01-DD01",
            "network_access_policy": null,
            "on_demand_bursting_enabled": false,
            "optimized_frequent_attach_enabled": false,
            "os_type": "",
            "performance_plus_enabled": false,
            "public_network_access_enabled": true,
            "resource_group_name": "tstvmrg",
            "secure_vm_disk_encryption_set_id": "",
            "security_type": "",
            "source_resource_id": "",
            "source_uri": "",
            "storage_account_id": "",
            "storage_account_type": "Standard_LRS",
            "tags": {
              "App_Owner": "xyz",
              "Owner": "Santosh Reddy",
              "Support_group": "CloudOps",
              "created_thru": "Terraform",
              "env": "Test"
            },
            "tier": "",
            "timeouts": null,
            "trusted_launch_enabled": false,
            "upload_size_bytes": 0,
            "zone": ""
          },
          "sensitive_attributes": [],
          "private": "eyJlMmJmYjczMC1lY2FhLTExZTYtOGY4OC0zNDM2M2JjN2M0YzAiOnsiY3JlYXRlIjoxODAwMDAwMDAwMDAwLCJkZWxldGUiOjE4MDAwMDAwMDAwMDAsInJlYWQiOjMwMDAwMDAwMDAwMCwidXBkYXRlIjoxODAwMDAwMDAwMDAwfSwic2NoZW1hX3ZlcnNpb24iOiIxIn0=",
          "dependencies": [
            "azurerm_resource_group.tf-vmrg"
          ]
        },
        {
          "index_key": "vm2",
          "schema_version": 1,
          "attributes": {
            "create_option": "Empty",
            "disk_access_id": "",
            "disk_encryption_set_id": "",
            "disk_iops_read_only": 0,
            "disk_iops_read_write": 500,
            "disk_mbps_read_only": 0,
            "disk_mbps_read_write": 60,
            "disk_size_gb": 8,
            "edge_zone": "",
            "encryption_settings": [],
            "gallery_image_reference_id": "",
            "hyper_v_generation": "",
            "id": "/subscriptions/74bf1a8c-e1f3-43af-b9bf-b67e2cf12d8f/resourceGroups/tstvmrg/providers/Microsoft.Compute/disks/tstwvm02-DD01",
            "image_reference_id": "",
            "location": "centralindia",
            "logical_sector_size": null,
            "max_shares": 0,
            "name": "tstwvm02-DD01",
            "network_access_policy": null,
            "on_demand_bursting_enabled": false,
            "optimized_frequent_attach_enabled": false,
            "os_type": "",
            "performance_plus_enabled": false,
            "public_network_access_enabled": true,
            "resource_group_name": "tstvmrg",
            "secure_vm_disk_encryption_set_id": "",
            "security_type": "",
            "source_resource_id": "",
            "source_uri": "",
            "storage_account_id": "",
            "storage_account_type": "Standard_LRS",
            "tags": {
              "App_Owner": "xyz",
              "Owner": "Santosh Reddy",
              "Support_group": "CloudOps",
              "created_thru": "Terraform",
              "env": "Test"
            },
            "tier": "",
            "timeouts": null,
            "trusted_launch_enabled": false,
            "upload_size_bytes": 0,
            "zone": ""
          },
          "sensitive_attributes": [],
          "private": "eyJlMmJmYjczMC1lY2FhLTExZTYtOGY4OC0zNDM2M2JjN2M0YzAiOnsiY3JlYXRlIjoxODAwMDAwMDAwMDAwLCJkZWxldGUiOjE4MDAwMDAwMDAwMDAsInJlYWQiOjMwMDAwMDAwMDAwMCwidXBkYXRlIjoxODAwMDAwMDAwMDAwfSwic2NoZW1hX3ZlcnNpb24iOiIxIn0=",
          "dependencies": [
            "azurerm_resource_group.tf-vmrg"
          ]
        }
      ]
    },
    {
      "mode": "managed",
      "type": "azurerm_network_interface",
      "name": "tf-vmnic",
      "provider": "provider[\"registry.terraform.io/hashicorp/azurerm\"]",
      "instances": [
        {
          "index_key": "vm1",
          "schema_version": 0,
          "attributes": {
            "accelerated_networking_enabled": false,
            "applied_dns_servers": [],
            "auxiliary_mode": "",
            "auxiliary_sku": "",
            "dns_servers": [],
            "edge_zone": "",
            "enable_accelerated_networking": false,
            "enable_ip_forwarding": false,
            "id": "/subscriptions/74bf1a8c-e1f3-43af-b9bf-b67e2cf12d8f/resourceGroups/tstvmrg/providers/Microsoft.Network/networkInterfaces/tstwvm01-nic",
            "internal_dns_name_label": "",
            "internal_domain_name_suffix": "quywlcnk354eholhi1gzzqtxta.rx.internal.cloudapp.net",
            "ip_configuration": [
              {
                "gateway_load_balancer_frontend_ip_configuration_id": "",
                "name": "tstwvm01-priip",
                "primary": true,
                "private_ip_address": "10.1.0.5",
                "private_ip_address_allocation": "Dynamic",
                "private_ip_address_version": "IPv4",
                "public_ip_address_id": "/subscriptions/74bf1a8c-e1f3-43af-b9bf-b67e2cf12d8f/resourceGroups/tstvmrg/providers/Microsoft.Network/publicIPAddresses/tstwvm01-pubip",
                "subnet_id": "/subscriptions/74bf1a8c-e1f3-43af-b9bf-b67e2cf12d8f/resourceGroups/tstvnetrg/providers/Microsoft.Network/virtualNetworks/tstvnet/subnets/Public_Subnet"
              }
            ],
            "ip_forwarding_enabled": false,
            "location": "centralindia",
            "mac_address": "7C-1E-52-0F-0B-CD",
            "name": "tstwvm01-nic",
            "private_ip_address": "10.1.0.5",
            "private_ip_addresses": [
              "10.1.0.5"
            ],
            "resource_group_name": "tstvmrg",
            "tags": {
              "App_Owner": "xyz",
              "Owner": "Santosh Reddy",
              "Support_group": "CloudOps",
              "created_thru": "Terraform",
              "env": "Test"
            },
            "timeouts": null,
            "virtual_machine_id": "/subscriptions/74bf1a8c-e1f3-43af-b9bf-b67e2cf12d8f/resourceGroups/tstvmrg/providers/Microsoft.Compute/virtualMachines/tstwvm01"
          },
          "sensitive_attributes": [],
          "private": "eyJlMmJmYjczMC1lY2FhLTExZTYtOGY4OC0zNDM2M2JjN2M0YzAiOnsiY3JlYXRlIjoxODAwMDAwMDAwMDAwLCJkZWxldGUiOjE4MDAwMDAwMDAwMDAsInJlYWQiOjMwMDAwMDAwMDAwMCwidXBkYXRlIjoxODAwMDAwMDAwMDAwfX0=",
          "dependencies": [
            "azurerm_public_ip.tf-vmpubip",
            "azurerm_resource_group.tf-vmrg",
            "azurerm_resource_group.tf-vnetrg",
            "azurerm_subnet.tf-sbt01",
            "azurerm_virtual_network.tf-vnet01"
          ]
        },
        {
          "index_key": "vm2",
          "schema_version": 0,
          "attributes": {
            "accelerated_networking_enabled": false,
            "applied_dns_servers": [],
            "auxiliary_mode": "",
            "auxiliary_sku": "",
            "dns_servers": [],
            "edge_zone": "",
            "enable_accelerated_networking": false,
            "enable_ip_forwarding": false,
            "id": "/subscriptions/74bf1a8c-e1f3-43af-b9bf-b67e2cf12d8f/resourceGroups/tstvmrg/providers/Microsoft.Network/networkInterfaces/tstwvm02-nic",
            "internal_dns_name_label": "",
            "internal_domain_name_suffix": "quywlcnk354eholhi1gzzqtxta.rx.internal.cloudapp.net",
            "ip_configuration": [
              {
                "gateway_load_balancer_frontend_ip_configuration_id": "",
                "name": "tstwvm02-priip",
                "primary": true,
                "private_ip_address": "10.1.0.4",
                "private_ip_address_allocation": "Dynamic",
                "private_ip_address_version": "IPv4",
                "public_ip_address_id": "/subscriptions/74bf1a8c-e1f3-43af-b9bf-b67e2cf12d8f/resourceGroups/tstvmrg/providers/Microsoft.Network/publicIPAddresses/tstwvm02-pubip",
                "subnet_id": "/subscriptions/74bf1a8c-e1f3-43af-b9bf-b67e2cf12d8f/resourceGroups/tstvnetrg/providers/Microsoft.Network/virtualNetworks/tstvnet/subnets/Public_Subnet"
              }
            ],
            "ip_forwarding_enabled": false,
            "location": "centralindia",
            "mac_address": "60-45-BD-E8-07-D9",
            "name": "tstwvm02-nic",
            "private_ip_address": "10.1.0.4",
            "private_ip_addresses": [
              "10.1.0.4"
            ],
            "resource_group_name": "tstvmrg",
            "tags": {
              "App_Owner": "xyz",
              "Owner": "Santosh Reddy",
              "Support_group": "CloudOps",
              "created_thru": "Terraform",
              "env": "Test"
            },
            "timeouts": null,
            "virtual_machine_id": "/subscriptions/74bf1a8c-e1f3-43af-b9bf-b67e2cf12d8f/resourceGroups/tstvmrg/providers/Microsoft.Compute/virtualMachines/tstwvm02"
          },
          "sensitive_attributes": [],
          "private": "eyJlMmJmYjczMC1lY2FhLTExZTYtOGY4OC0zNDM2M2JjN2M0YzAiOnsiY3JlYXRlIjoxODAwMDAwMDAwMDAwLCJkZWxldGUiOjE4MDAwMDAwMDAwMDAsInJlYWQiOjMwMDAwMDAwMDAwMCwidXBkYXRlIjoxODAwMDAwMDAwMDAwfX0=",
          "dependencies": [
            "azurerm_public_ip.tf-vmpubip",
            "azurerm_resource_group.tf-vmrg",
            "azurerm_resource_group.tf-vnetrg",
            "azurerm_subnet.tf-sbt01",
            "azurerm_virtual_network.tf-vnet01"
          ]
        }
      ]
    },
    {
      "mode": "managed",
      "type": "azurerm_network_security_group",
      "name": "tf-prsunsg",
      "provider": "provider[\"registry.terraform.io/hashicorp/azurerm\"]",
      "instances": [
        {
          "schema_version": 0,
          "attributes": {
            "id": "/subscriptions/74bf1a8c-e1f3-43af-b9bf-b67e2cf12d8f/resourceGroups/tstvnetrg/providers/Microsoft.Network/networkSecurityGroups/tstvnet_prsu_nsg",
            "location": "centralindia",
            "name": "tstvnet_prsu_nsg",
            "resource_group_name": "tstvnetrg",
            "security_rule": [],
            "tags": {
              "App_Owner": "xyz",
              "Owner": "Santosh Reddy",
              "Support_group": "CloudOps",
              "created_thru": "Terraform",
              "env": "Test"
            },
            "timeouts": null
          },
          "sensitive_attributes": [],
          "private": "eyJlMmJmYjczMC1lY2FhLTExZTYtOGY4OC0zNDM2M2JjN2M0YzAiOnsiY3JlYXRlIjoxODAwMDAwMDAwMDAwLCJkZWxldGUiOjE4MDAwMDAwMDAwMDAsInJlYWQiOjMwMDAwMDAwMDAwMCwidXBkYXRlIjoxODAwMDAwMDAwMDAwfX0=",
          "dependencies": [
            "azurerm_resource_group.tf-vnetrg"
          ]
        }
      ]
    },
    {
      "mode": "managed",
      "type": "azurerm_network_security_group",
      "name": "tf-pusunsg",
      "provider": "provider[\"registry.terraform.io/hashicorp/azurerm\"]",
      "instances": [
        {
          "schema_version": 0,
          "attributes": {
            "id": "/subscriptions/74bf1a8c-e1f3-43af-b9bf-b67e2cf12d8f/resourceGroups/tstvnetrg/providers/Microsoft.Network/networkSecurityGroups/tstvnet_pusu_nsg",
            "location": "centralindia",
            "name": "tstvnet_pusu_nsg",
            "resource_group_name": "tstvnetrg",
            "security_rule": [
              {
                "access": "Allow",
                "description": "",
                "destination_address_prefix": "10.1.0.4/32",
                "destination_address_prefixes": [],
                "destination_application_security_group_ids": [],
                "destination_port_range": "3389",
                "destination_port_ranges": [],
                "direction": "Inbound",
                "name": "AccessfrommyIP",
                "priority": 300,
                "protocol": "Tcp",
                "source_address_prefix": "49.43.224.23/32",
                "source_address_prefixes": [],
                "source_application_security_group_ids": [],
                "source_port_range": "*",
                "source_port_ranges": []
              }
            ],
            "tags": {
              "App_Owner": "xyz",
              "Owner": "Santosh Reddy",
              "Support_group": "CloudOps",
              "created_thru": "Terraform",
              "env": "Test"
            },
            "timeouts": null
          },
          "sensitive_attributes": [],
          "private": "eyJlMmJmYjczMC1lY2FhLTExZTYtOGY4OC0zNDM2M2JjN2M0YzAiOnsiY3JlYXRlIjoxODAwMDAwMDAwMDAwLCJkZWxldGUiOjE4MDAwMDAwMDAwMDAsInJlYWQiOjMwMDAwMDAwMDAwMCwidXBkYXRlIjoxODAwMDAwMDAwMDAwfX0=",
          "dependencies": [
            "azurerm_resource_group.tf-vnetrg"
          ]
        }
      ]
    },
    {
      "mode": "managed",
      "type": "azurerm_network_security_rule",
      "name": "tf-nsgin300",
      "provider": "provider[\"registry.terraform.io/hashicorp/azurerm\"]",
      "instances": [
        {
          "schema_version": 0,
          "attributes": {
            "access": "Allow",
            "description": "",
            "destination_address_prefix": "10.1.0.4/32",
            "destination_address_prefixes": [],
            "destination_application_security_group_ids": [],
            "destination_port_range": "3389",
            "destination_port_ranges": [],
            "direction": "Inbound",
            "id": "/subscriptions/74bf1a8c-e1f3-43af-b9bf-b67e2cf12d8f/resourceGroups/tstvnetrg/providers/Microsoft.Network/networkSecurityGroups/tstvnet_pusu_nsg/securityRules/AccessfrommyIP",
            "name": "AccessfrommyIP",
            "network_security_group_name": "tstvnet_pusu_nsg",
            "priority": 300,
            "protocol": "Tcp",
            "resource_group_name": "tstvnetrg",
            "source_address_prefix": "49.43.224.23/32",
            "source_address_prefixes": [],
            "source_application_security_group_ids": [],
            "source_port_range": "*",
            "source_port_ranges": [],
            "timeouts": null
          },
          "sensitive_attributes": [],
          "private": "eyJlMmJmYjczMC1lY2FhLTExZTYtOGY4OC0zNDM2M2JjN2M0YzAiOnsiY3JlYXRlIjoxODAwMDAwMDAwMDAwLCJkZWxldGUiOjE4MDAwMDAwMDAwMDAsInJlYWQiOjMwMDAwMDAwMDAwMCwidXBkYXRlIjoxODAwMDAwMDAwMDAwfX0=",
          "dependencies": [
            "azurerm_network_security_group.tf-pusunsg",
            "azurerm_resource_group.tf-vnetrg"
          ]
        }
      ]
    },
    {
      "mode": "managed",
      "type": "azurerm_public_ip",
      "name": "tf-vmpubip",
      "provider": "provider[\"registry.terraform.io/hashicorp/azurerm\"]",
      "instances": [
        {
          "index_key": "vm1",
          "schema_version": 0,
          "attributes": {
            "allocation_method": "Static",
            "ddos_protection_mode": "VirtualNetworkInherited",
            "ddos_protection_plan_id": null,
            "domain_name_label": null,
            "edge_zone": "",
            "fqdn": null,
            "id": "/subscriptions/74bf1a8c-e1f3-43af-b9bf-b67e2cf12d8f/resourceGroups/tstvmrg/providers/Microsoft.Network/publicIPAddresses/tstwvm01-pubip",
            "idle_timeout_in_minutes": 4,
            "ip_address": "74.225.193.219",
            "ip_tags": {},
            "ip_version": "IPv4",
            "location": "centralindia",
            "name": "tstwvm01-pubip",
            "public_ip_prefix_id": null,
            "resource_group_name": "tstvmrg",
            "reverse_fqdn": null,
            "sku": "Basic",
            "sku_tier": "Regional",
            "tags": {
              "App_Owner": "xyz",
              "Owner": "Santosh Reddy",
              "Support_group": "CloudOps",
              "created_thru": "Terraform",
              "env": "Test"
            },
            "timeouts": null,
            "zones": []
          },
          "sensitive_attributes": [],
          "private": "eyJlMmJmYjczMC1lY2FhLTExZTYtOGY4OC0zNDM2M2JjN2M0YzAiOnsiY3JlYXRlIjoxODAwMDAwMDAwMDAwLCJkZWxldGUiOjE4MDAwMDAwMDAwMDAsInJlYWQiOjMwMDAwMDAwMDAwMCwidXBkYXRlIjoxODAwMDAwMDAwMDAwfX0=",
          "dependencies": [
            "azurerm_resource_group.tf-vmrg"
          ]
        },
        {
          "index_key": "vm2",
          "schema_version": 0,
          "attributes": {
            "allocation_method": "Static",
            "ddos_protection_mode": "VirtualNetworkInherited",
            "ddos_protection_plan_id": null,
            "domain_name_label": null,
            "edge_zone": "",
            "fqdn": null,
            "id": "/subscriptions/74bf1a8c-e1f3-43af-b9bf-b67e2cf12d8f/resourceGroups/tstvmrg/providers/Microsoft.Network/publicIPAddresses/tstwvm02-pubip",
            "idle_timeout_in_minutes": 4,
            "ip_address": "74.225.193.222",
            "ip_tags": {},
            "ip_version": "IPv4",
            "location": "centralindia",
            "name": "tstwvm02-pubip",
            "public_ip_prefix_id": null,
            "resource_group_name": "tstvmrg",
            "reverse_fqdn": null,
            "sku": "Basic",
            "sku_tier": "Regional",
            "tags": {
              "App_Owner": "xyz",
              "Owner": "Santosh Reddy",
              "Support_group": "CloudOps",
              "created_thru": "Terraform",
              "env": "Test"
            },
            "timeouts": null,
            "zones": []
          },
          "sensitive_attributes": [],
          "private": "eyJlMmJmYjczMC1lY2FhLTExZTYtOGY4OC0zNDM2M2JjN2M0YzAiOnsiY3JlYXRlIjoxODAwMDAwMDAwMDAwLCJkZWxldGUiOjE4MDAwMDAwMDAwMDAsInJlYWQiOjMwMDAwMDAwMDAwMCwidXBkYXRlIjoxODAwMDAwMDAwMDAwfX0=",
          "dependencies": [
            "azurerm_resource_group.tf-vmrg"
          ]
        }
      ]
    },
    {
      "mode": "managed",
      "type": "azurerm_resource_group",
      "name": "tf-vmrg",
      "provider": "provider[\"registry.terraform.io/hashicorp/azurerm\"]",
      "instances": [
        {
          "schema_version": 0,
          "attributes": {
            "id": "/subscriptions/74bf1a8c-e1f3-43af-b9bf-b67e2cf12d8f/resourceGroups/tstvmrg",
            "location": "centralindia",
            "managed_by": "",
            "name": "tstvmrg",
            "tags": {
              "App_Owner": "xyz",
              "Owner": "Santosh Reddy",
              "Support_group": "CloudOps",
              "created_thru": "Terraform",
              "env": "Test"
            },
            "timeouts": null
          },
          "sensitive_attributes": [],
          "private": "eyJlMmJmYjczMC1lY2FhLTExZTYtOGY4OC0zNDM2M2JjN2M0YzAiOnsiY3JlYXRlIjo1NDAwMDAwMDAwMDAwLCJkZWxldGUiOjU0MDAwMDAwMDAwMDAsInJlYWQiOjMwMDAwMDAwMDAwMCwidXBkYXRlIjo1NDAwMDAwMDAwMDAwfX0="
        }
      ]
    },
    {
      "mode": "managed",
      "type": "azurerm_resource_group",
      "name": "tf-vnetrg",
      "provider": "provider[\"registry.terraform.io/hashicorp/azurerm\"]",
      "instances": [
        {
          "schema_version": 0,
          "attributes": {
            "id": "/subscriptions/74bf1a8c-e1f3-43af-b9bf-b67e2cf12d8f/resourceGroups/tstvnetrg",
            "location": "centralindia",
            "managed_by": "",
            "name": "tstvnetrg",
            "tags": {
              "App_Owner": "xyz",
              "Owner": "Santosh Reddy",
              "Support_group": "CloudOps",
              "created_thru": "Terraform",
              "env": "Test"
            },
            "timeouts": null
          },
          "sensitive_attributes": [],
          "private": "eyJlMmJmYjczMC1lY2FhLTExZTYtOGY4OC0zNDM2M2JjN2M0YzAiOnsiY3JlYXRlIjo1NDAwMDAwMDAwMDAwLCJkZWxldGUiOjU0MDAwMDAwMDAwMDAsInJlYWQiOjMwMDAwMDAwMDAwMCwidXBkYXRlIjo1NDAwMDAwMDAwMDAwfX0="
        }
      ]
    },
    {
      "mode": "managed",
      "type": "azurerm_subnet",
      "name": "tf-sbt01",
      "provider": "provider[\"registry.terraform.io/hashicorp/azurerm\"]",
      "instances": [
        {
          "schema_version": 0,
          "attributes": {
            "address_prefixes": [
              "10.1.0.0/28"
            ],
            "default_outbound_access_enabled": true,
            "delegation": [],
            "enforce_private_link_endpoint_network_policies": false,
            "enforce_private_link_service_network_policies": false,
            "id": "/subscriptions/74bf1a8c-e1f3-43af-b9bf-b67e2cf12d8f/resourceGroups/tstvnetrg/providers/Microsoft.Network/virtualNetworks/tstvnet/subnets/Public_Subnet",
            "name": "Public_Subnet",
            "private_endpoint_network_policies": "Enabled",
            "private_endpoint_network_policies_enabled": true,
            "private_link_service_network_policies_enabled": true,
            "resource_group_name": "tstvnetrg",
            "service_endpoint_policy_ids": [],
            "service_endpoints": [],
            "timeouts": null,
            "virtual_network_name": "tstvnet"
          },
          "sensitive_attributes": [],
          "private": "eyJlMmJmYjczMC1lY2FhLTExZTYtOGY4OC0zNDM2M2JjN2M0YzAiOnsiY3JlYXRlIjoxODAwMDAwMDAwMDAwLCJkZWxldGUiOjE4MDAwMDAwMDAwMDAsInJlYWQiOjMwMDAwMDAwMDAwMCwidXBkYXRlIjoxODAwMDAwMDAwMDAwfX0=",
          "dependencies": [
            "azurerm_resource_group.tf-vnetrg",
            "azurerm_virtual_network.tf-vnet01"
          ]
        }
      ]
    },
    {
      "mode": "managed",
      "type": "azurerm_subnet",
      "name": "tf-sbt02",
      "provider": "provider[\"registry.terraform.io/hashicorp/azurerm\"]",
      "instances": [
        {
          "schema_version": 0,
          "attributes": {
            "address_prefixes": [
              "10.1.0.16/28"
            ],
            "default_outbound_access_enabled": true,
            "delegation": [],
            "enforce_private_link_endpoint_network_policies": false,
            "enforce_private_link_service_network_policies": false,
            "id": "/subscriptions/74bf1a8c-e1f3-43af-b9bf-b67e2cf12d8f/resourceGroups/tstvnetrg/providers/Microsoft.Network/virtualNetworks/tstvnet/subnets/Private_Subnet",
            "name": "Private_Subnet",
            "private_endpoint_network_policies": "Enabled",
            "private_endpoint_network_policies_enabled": true,
            "private_link_service_network_policies_enabled": true,
            "resource_group_name": "tstvnetrg",
            "service_endpoint_policy_ids": [],
            "service_endpoints": [],
            "timeouts": null,
            "virtual_network_name": "tstvnet"
          },
          "sensitive_attributes": [],
          "private": "eyJlMmJmYjczMC1lY2FhLTExZTYtOGY4OC0zNDM2M2JjN2M0YzAiOnsiY3JlYXRlIjoxODAwMDAwMDAwMDAwLCJkZWxldGUiOjE4MDAwMDAwMDAwMDAsInJlYWQiOjMwMDAwMDAwMDAwMCwidXBkYXRlIjoxODAwMDAwMDAwMDAwfX0=",
          "dependencies": [
            "azurerm_resource_group.tf-vnetrg",
            "azurerm_virtual_network.tf-vnet01"
          ]
        }
      ]
    },
    {
      "mode": "managed",
      "type": "azurerm_subnet_network_security_group_association",
      "name": "tf-prsunsgasso",
      "provider": "provider[\"registry.terraform.io/hashicorp/azurerm\"]",
      "instances": [
        {
          "schema_version": 0,
          "attributes": {
            "id": "/subscriptions/74bf1a8c-e1f3-43af-b9bf-b67e2cf12d8f/resourceGroups/tstvnetrg/providers/Microsoft.Network/virtualNetworks/tstvnet/subnets/Private_Subnet",
            "network_security_group_id": "/subscriptions/74bf1a8c-e1f3-43af-b9bf-b67e2cf12d8f/resourceGroups/tstvnetrg/providers/Microsoft.Network/networkSecurityGroups/tstvnet_prsu_nsg",
            "subnet_id": "/subscriptions/74bf1a8c-e1f3-43af-b9bf-b67e2cf12d8f/resourceGroups/tstvnetrg/providers/Microsoft.Network/virtualNetworks/tstvnet/subnets/Private_Subnet",
            "timeouts": null
          },
          "sensitive_attributes": [],
          "private": "eyJlMmJmYjczMC1lY2FhLTExZTYtOGY4OC0zNDM2M2JjN2M0YzAiOnsiY3JlYXRlIjoxODAwMDAwMDAwMDAwLCJkZWxldGUiOjE4MDAwMDAwMDAwMDAsInJlYWQiOjMwMDAwMDAwMDAwMH19",
          "dependencies": [
            "azurerm_network_security_group.tf-prsunsg",
            "azurerm_resource_group.tf-vnetrg",
            "azurerm_subnet.tf-sbt02",
            "azurerm_virtual_network.tf-vnet01"
          ]
        }
      ]
    },
    {
      "mode": "managed",
      "type": "azurerm_subnet_network_security_group_association",
      "name": "tf-pusunsgasso",
      "provider": "provider[\"registry.terraform.io/hashicorp/azurerm\"]",
      "instances": [
        {
          "schema_version": 0,
          "attributes": {
            "id": "/subscriptions/74bf1a8c-e1f3-43af-b9bf-b67e2cf12d8f/resourceGroups/tstvnetrg/providers/Microsoft.Network/virtualNetworks/tstvnet/subnets/Public_Subnet",
            "network_security_group_id": "/subscriptions/74bf1a8c-e1f3-43af-b9bf-b67e2cf12d8f/resourceGroups/tstvnetrg/providers/Microsoft.Network/networkSecurityGroups/tstvnet_pusu_nsg",
            "subnet_id": "/subscriptions/74bf1a8c-e1f3-43af-b9bf-b67e2cf12d8f/resourceGroups/tstvnetrg/providers/Microsoft.Network/virtualNetworks/tstvnet/subnets/Public_Subnet",
            "timeouts": null
          },
          "sensitive_attributes": [],
          "private": "eyJlMmJmYjczMC1lY2FhLTExZTYtOGY4OC0zNDM2M2JjN2M0YzAiOnsiY3JlYXRlIjoxODAwMDAwMDAwMDAwLCJkZWxldGUiOjE4MDAwMDAwMDAwMDAsInJlYWQiOjMwMDAwMDAwMDAwMH19",
          "dependencies": [
            "azurerm_network_security_group.tf-pusunsg",
            "azurerm_resource_group.tf-vnetrg",
            "azurerm_subnet.tf-sbt01",
            "azurerm_virtual_network.tf-vnet01"
          ]
        }
      ]
    },
    {
      "mode": "managed",
      "type": "azurerm_virtual_machine_data_disk_attachment",
      "name": "tf-vmdd01attach",
      "provider": "provider[\"registry.terraform.io/hashicorp/azurerm\"]",
      "instances": [
        {
          "index_key": "vm1",
          "schema_version": 0,
          "attributes": {
            "caching": "ReadWrite",
            "create_option": "Attach",
            "id": "/subscriptions/74bf1a8c-e1f3-43af-b9bf-b67e2cf12d8f/resourceGroups/tstvmrg/providers/Microsoft.Compute/virtualMachines/tstwvm01/dataDisks/tstwvm01-DD01",
            "lun": 1,
            "managed_disk_id": "/subscriptions/74bf1a8c-e1f3-43af-b9bf-b67e2cf12d8f/resourceGroups/tstvmrg/providers/Microsoft.Compute/disks/tstwvm01-DD01",
            "timeouts": null,
            "virtual_machine_id": "/subscriptions/74bf1a8c-e1f3-43af-b9bf-b67e2cf12d8f/resourceGroups/tstvmrg/providers/Microsoft.Compute/virtualMachines/tstwvm01",
            "write_accelerator_enabled": false
          },
          "sensitive_attributes": [],
          "private": "eyJlMmJmYjczMC1lY2FhLTExZTYtOGY4OC0zNDM2M2JjN2M0YzAiOnsiY3JlYXRlIjoxODAwMDAwMDAwMDAwLCJkZWxldGUiOjE4MDAwMDAwMDAwMDAsInJlYWQiOjMwMDAwMDAwMDAwMCwidXBkYXRlIjoxODAwMDAwMDAwMDAwfX0=",
          "dependencies": [
            "azurerm_managed_disk.tf-vmdd1",
            "azurerm_network_interface.tf-vmnic",
            "azurerm_public_ip.tf-vmpubip",
            "azurerm_resource_group.tf-vmrg",
            "azurerm_resource_group.tf-vnetrg",
            "azurerm_subnet.tf-sbt01",
            "azurerm_virtual_network.tf-vnet01",
            "azurerm_windows_virtual_machine.tf-vm"
          ]
        },
        {
          "index_key": "vm2",
          "schema_version": 0,
          "attributes": {
            "caching": "ReadWrite",
            "create_option": "Attach",
            "id": "/subscriptions/74bf1a8c-e1f3-43af-b9bf-b67e2cf12d8f/resourceGroups/tstvmrg/providers/Microsoft.Compute/virtualMachines/tstwvm02/dataDisks/tstwvm02-DD01",
            "lun": 1,
            "managed_disk_id": "/subscriptions/74bf1a8c-e1f3-43af-b9bf-b67e2cf12d8f/resourceGroups/tstvmrg/providers/Microsoft.Compute/disks/tstwvm02-DD01",
            "timeouts": null,
            "virtual_machine_id": "/subscriptions/74bf1a8c-e1f3-43af-b9bf-b67e2cf12d8f/resourceGroups/tstvmrg/providers/Microsoft.Compute/virtualMachines/tstwvm02",
            "write_accelerator_enabled": false
          },
          "sensitive_attributes": [],
          "private": "eyJlMmJmYjczMC1lY2FhLTExZTYtOGY4OC0zNDM2M2JjN2M0YzAiOnsiY3JlYXRlIjoxODAwMDAwMDAwMDAwLCJkZWxldGUiOjE4MDAwMDAwMDAwMDAsInJlYWQiOjMwMDAwMDAwMDAwMCwidXBkYXRlIjoxODAwMDAwMDAwMDAwfX0=",
          "dependencies": [
            "azurerm_managed_disk.tf-vmdd1",
            "azurerm_network_interface.tf-vmnic",
            "azurerm_public_ip.tf-vmpubip",
            "azurerm_resource_group.tf-vmrg",
            "azurerm_resource_group.tf-vnetrg",
            "azurerm_subnet.tf-sbt01",
            "azurerm_virtual_network.tf-vnet01",
            "azurerm_windows_virtual_machine.tf-vm"
          ]
        }
      ]
    },
    {
      "mode": "managed",
      "type": "azurerm_virtual_network",
      "name": "tf-vnet01",
      "provider": "provider[\"registry.terraform.io/hashicorp/azurerm\"]",
      "instances": [
        {
          "schema_version": 0,
          "attributes": {
            "address_space": [
              "10.1.0.0/16",
              "10.2.0.0/16"
            ],
            "bgp_community": "",
            "ddos_protection_plan": [],
            "dns_servers": [],
            "edge_zone": "",
            "encryption": [],
            "flow_timeout_in_minutes": 0,
            "guid": "89653185-efaa-43fc-b967-46cd9cc27798",
            "id": "/subscriptions/74bf1a8c-e1f3-43af-b9bf-b67e2cf12d8f/resourceGroups/tstvnetrg/providers/Microsoft.Network/virtualNetworks/tstvnet",
            "location": "centralindia",
            "name": "tstvnet",
            "resource_group_name": "tstvnetrg",
            "subnet": [
              {
                "address_prefix": "10.1.0.0/28",
                "id": "/subscriptions/74bf1a8c-e1f3-43af-b9bf-b67e2cf12d8f/resourceGroups/tstvnetrg/providers/Microsoft.Network/virtualNetworks/tstvnet/subnets/Public_Subnet",
                "name": "Public_Subnet",
                "security_group": "/subscriptions/74bf1a8c-e1f3-43af-b9bf-b67e2cf12d8f/resourceGroups/tstvnetrg/providers/Microsoft.Network/networkSecurityGroups/tstvnet_pusu_nsg"
              },
              {
                "address_prefix": "10.1.0.16/28",
                "id": "/subscriptions/74bf1a8c-e1f3-43af-b9bf-b67e2cf12d8f/resourceGroups/tstvnetrg/providers/Microsoft.Network/virtualNetworks/tstvnet/subnets/Private_Subnet",
                "name": "Private_Subnet",
                "security_group": "/subscriptions/74bf1a8c-e1f3-43af-b9bf-b67e2cf12d8f/resourceGroups/tstvnetrg/providers/Microsoft.Network/networkSecurityGroups/tstvnet_prsu_nsg"
              }
            ],
            "tags": {
              "App_Owner": "xyz",
              "Owner": "Santosh Reddy",
              "Support_group": "CloudOps",
              "created_thru": "Terraform",
              "env": "Test"
            },
            "timeouts": null
          },
          "sensitive_attributes": [],
          "private": "eyJlMmJmYjczMC1lY2FhLTExZTYtOGY4OC0zNDM2M2JjN2M0YzAiOnsiY3JlYXRlIjoxODAwMDAwMDAwMDAwLCJkZWxldGUiOjE4MDAwMDAwMDAwMDAsInJlYWQiOjMwMDAwMDAwMDAwMCwidXBkYXRlIjoxODAwMDAwMDAwMDAwfX0=",
          "dependencies": [
            "azurerm_resource_group.tf-vnetrg"
          ]
        }
      ]
    },
    {
      "mode": "managed",
      "type": "azurerm_windows_virtual_machine",
      "name": "tf-vm",
      "provider": "provider[\"registry.terraform.io/hashicorp/azurerm\"]",
      "instances": [
        {
          "index_key": "vm1",
          "schema_version": 0,
          "attributes": {
            "additional_capabilities": [],
            "additional_unattend_content": [],
            "admin_password": "P@$$w0rd1234!",
            "admin_username": "adminuser",
            "allow_extension_operations": true,
            "availability_set_id": "",
            "boot_diagnostics": [],
            "bypass_platform_safety_checks_on_user_schedule_enabled": false,
            "capacity_reservation_group_id": "",
            "computer_name": "tstwvm01",
            "custom_data": null,
            "dedicated_host_group_id": "",
            "dedicated_host_id": "",
            "disk_controller_type": "",
            "edge_zone": "",
            "enable_automatic_updates": true,
            "encryption_at_host_enabled": false,
            "eviction_policy": "",
            "extensions_time_budget": "PT1H30M",
            "gallery_application": [],
            "hotpatching_enabled": false,
            "id": "/subscriptions/74bf1a8c-e1f3-43af-b9bf-b67e2cf12d8f/resourceGroups/tstvmrg/providers/Microsoft.Compute/virtualMachines/tstwvm01",
            "identity": [],
            "license_type": "",
            "location": "centralindia",
            "max_bid_price": -1,
            "name": "tstwvm01",
            "network_interface_ids": [
              "/subscriptions/74bf1a8c-e1f3-43af-b9bf-b67e2cf12d8f/resourceGroups/tstvmrg/providers/Microsoft.Network/networkInterfaces/tstwvm01-nic"
            ],
            "os_disk": [
              {
                "caching": "ReadWrite",
                "diff_disk_settings": [],
                "disk_encryption_set_id": "",
                "disk_size_gb": 127,
                "name": "tstwvm01-OSDisk",
                "secure_vm_disk_encryption_set_id": "",
                "security_encryption_type": "",
                "storage_account_type": "Standard_LRS",
                "write_accelerator_enabled": false
              }
            ],
            "os_image_notification": [],
            "patch_assessment_mode": "ImageDefault",
            "patch_mode": "AutomaticByOS",
            "plan": [],
            "platform_fault_domain": -1,
            "priority": "Regular",
            "private_ip_address": "10.1.0.5",
            "private_ip_addresses": [
              "10.1.0.5"
            ],
            "provision_vm_agent": true,
            "proximity_placement_group_id": "",
            "public_ip_address": "74.225.193.219",
            "public_ip_addresses": [
              "74.225.193.219"
            ],
            "reboot_setting": "",
            "resource_group_name": "tstvmrg",
            "secret": [],
            "secure_boot_enabled": false,
            "size": "Standard_B2s",
            "source_image_id": "",
            "source_image_reference": [
              {
                "offer": "WindowsServer",
                "publisher": "MicrosoftWindowsServer",
                "sku": "2019-Datacenter",
                "version": "latest"
              }
            ],
            "tags": {
              "App_Owner": "xyz",
              "Owner": "Santosh Reddy",
              "Support_group": "CloudOps",
              "created_thru": "Terraform",
              "env": "Test"
            },
            "termination_notification": [],
            "timeouts": null,
            "timezone": "",
            "user_data": "",
            "virtual_machine_id": "c72721ca-be22-481b-bddf-8805ac3455e6",
            "virtual_machine_scale_set_id": "",
            "vm_agent_platform_updates_enabled": false,
            "vtpm_enabled": false,
            "winrm_listener": [],
            "zone": ""
          },
          "sensitive_attributes": [
            [
              {
                "type": "get_attr",
                "value": "custom_data"
              }
            ],
            [
              {
                "type": "get_attr",
                "value": "admin_password"
              }
            ]
          ],
          "private": "eyJlMmJmYjczMC1lY2FhLTExZTYtOGY4OC0zNDM2M2JjN2M0YzAiOnsiY3JlYXRlIjoyNzAwMDAwMDAwMDAwLCJkZWxldGUiOjI3MDAwMDAwMDAwMDAsInJlYWQiOjMwMDAwMDAwMDAwMCwidXBkYXRlIjoyNzAwMDAwMDAwMDAwfX0=",
          "dependencies": [
            "azurerm_network_interface.tf-vmnic",
            "azurerm_public_ip.tf-vmpubip",
            "azurerm_resource_group.tf-vmrg",
            "azurerm_resource_group.tf-vnetrg",
            "azurerm_subnet.tf-sbt01",
            "azurerm_virtual_network.tf-vnet01"
          ]
        },
        {
          "index_key": "vm2",
          "schema_version": 0,
          "attributes": {
            "additional_capabilities": [],
            "additional_unattend_content": [],
            "admin_password": "P@$$w0rd1234!",
            "admin_username": "adminuser",
            "allow_extension_operations": true,
            "availability_set_id": "",
            "boot_diagnostics": [],
            "bypass_platform_safety_checks_on_user_schedule_enabled": false,
            "capacity_reservation_group_id": "",
            "computer_name": "tstwvm02",
            "custom_data": null,
            "dedicated_host_group_id": "",
            "dedicated_host_id": "",
            "disk_controller_type": "",
            "edge_zone": "",
            "enable_automatic_updates": true,
            "encryption_at_host_enabled": false,
            "eviction_policy": "",
            "extensions_time_budget": "PT1H30M",
            "gallery_application": [],
            "hotpatching_enabled": false,
            "id": "/subscriptions/74bf1a8c-e1f3-43af-b9bf-b67e2cf12d8f/resourceGroups/tstvmrg/providers/Microsoft.Compute/virtualMachines/tstwvm02",
            "identity": [],
            "license_type": "",
            "location": "centralindia",
            "max_bid_price": -1,
            "name": "tstwvm02",
            "network_interface_ids": [
              "/subscriptions/74bf1a8c-e1f3-43af-b9bf-b67e2cf12d8f/resourceGroups/tstvmrg/providers/Microsoft.Network/networkInterfaces/tstwvm02-nic"
            ],
            "os_disk": [
              {
                "caching": "ReadWrite",
                "diff_disk_settings": [],
                "disk_encryption_set_id": "",
                "disk_size_gb": 127,
                "name": "tstwvm02-OSDisk",
                "secure_vm_disk_encryption_set_id": "",
                "security_encryption_type": "",
                "storage_account_type": "Standard_LRS",
                "write_accelerator_enabled": false
              }
            ],
            "os_image_notification": [],
            "patch_assessment_mode": "ImageDefault",
            "patch_mode": "AutomaticByOS",
            "plan": [],
            "platform_fault_domain": -1,
            "priority": "Regular",
            "private_ip_address": "10.1.0.4",
            "private_ip_addresses": [
              "10.1.0.4"
            ],
            "provision_vm_agent": true,
            "proximity_placement_group_id": "",
            "public_ip_address": "74.225.193.222",
            "public_ip_addresses": [
              "74.225.193.222"
            ],
            "reboot_setting": "",
            "resource_group_name": "tstvmrg",
            "secret": [],
            "secure_boot_enabled": false,
            "size": "Standard_B2ms",
            "source_image_id": "",
            "source_image_reference": [
              {
                "offer": "WindowsServer",
                "publisher": "MicrosoftWindowsServer",
                "sku": "2019-Datacenter",
                "version": "latest"
              }
            ],
            "tags": {
              "App_Owner": "xyz",
              "Owner": "Santosh Reddy",
              "Support_group": "CloudOps",
              "created_thru": "Terraform",
              "env": "Test"
            },
            "termination_notification": [],
            "timeouts": null,
            "timezone": "",
            "user_data": "",
            "virtual_machine_id": "c651859b-05a2-40fd-946a-a04b02bbba88",
            "virtual_machine_scale_set_id": "",
            "vm_agent_platform_updates_enabled": false,
            "vtpm_enabled": false,
            "winrm_listener": [],
            "zone": ""
          },
          "sensitive_attributes": [
            [
              {
                "type": "get_attr",
                "value": "admin_password"
              }
            ],
            [
              {
                "type": "get_attr",
                "value": "custom_data"
              }
            ]
          ],
          "private": "eyJlMmJmYjczMC1lY2FhLTExZTYtOGY4OC0zNDM2M2JjN2M0YzAiOnsiY3JlYXRlIjoyNzAwMDAwMDAwMDAwLCJkZWxldGUiOjI3MDAwMDAwMDAwMDAsInJlYWQiOjMwMDAwMDAwMDAwMCwidXBkYXRlIjoyNzAwMDAwMDAwMDAwfX0=",
          "dependencies": [
            "azurerm_network_interface.tf-vmnic",
            "azurerm_public_ip.tf-vmpubip",
            "azurerm_resource_group.tf-vmrg",
            "azurerm_resource_group.tf-vnetrg",
            "azurerm_subnet.tf-sbt01",
            "azurerm_virtual_network.tf-vnet01"
          ]
        }
      ]
    }
  ],
  "check_results": null
}
